
Microsoft Visual Studio Solution File, Format Version 12.00
# Visual Studio 15
VisualStudioVersion = 15.0.27004.2006
MinimumVisualStudioVersion = 10.0.40219.1
Project("{8BC9CEB8-8B4A-11D0-8D11-00A0C91BC942}") = "meanshift", "meanshift\meanshift.vcxproj", "{E82731B1-7CFA-46E7-AFAA-04AD1E11384A}"
EndProject
Project("{8BC9CEB8-8B4A-11D0-8D11-00A0C91BC942}") = "quantizeDisparity", "quantizeDisparity\quantizeDisparity.vcxproj", "{1130F4DD-0758-49A4-A9DD-7F5ED5F4753C}"
EndProject
Project("{8BC9CEB8-8B4A-11D0-8D11-00A0C91BC942}") = "disparityRefinement", "disparityRefinement\disparityRefinement.vcxproj", "{6307D429-AD18-4565-85BB-DCAF20F1670A}"
EndProject
Project("{8BC9CEB8-8B4A-11D0-8D11-00A0C91BC942}") = "warpView", "warpView\warpView.vcxproj", "{4EF4A46B-3F2C-4111-8A3A-2A680EB0B85A}"
EndProject
Project("{8BC9CEB8-8B4A-11D0-8D11-00A0C91BC942}") = "collectWarped", "collectWarped\collectWarped.vcxproj", "{47E37C78-2840-443C-BF96-E26DCA9C8650}"
EndProject
Project("{8BC9CEB8-8B4A-11D0-8D11-00A0C91BC942}") = "warpSegmentation", "warpSegmentation\warpSegmentation.vcxproj", "{7F083B41-0334-4F6B-AD60-B024FB82D0FD}"
EndProject
Project("{8BC9CEB8-8B4A-11D0-8D11-00A0C91BC942}") = "warpInvDepth", "warpInvDepth\warpInvDepth.vcxproj", "{797D9B59-EE97-4A48-AC3D-8A8B9BB3011B}"
EndProject
Project("{8BC9CEB8-8B4A-11D0-8D11-00A0C91BC942}") = "TUT-HDCA-Encoder", "TUT-HDCA-Encoder\TUT-HDCA-Encoder.vcxproj", "{19DA0718-1FA6-4BBA-98CE-0B698B827EDE}"
EndProject
Project("{8BC9CEB8-8B4A-11D0-8D11-00A0C91BC942}") = "TUT-HDCA-Decoder", "TUT-HDCA-Decoder\TUT-HDCA-Decoder.vcxproj", "{7522A9F6-D414-4F82-963E-DC912FE54DBF}"
EndProject
Project("{8BC9CEB8-8B4A-11D0-8D11-00A0C91BC942}") = "GolombCoder", "GolombCoder\GolombCoder.vcxproj", "{C585BA82-B0EF-4B71-8302-A9A6D2CB4EFB}"
EndProject
Project("{8BC9CEB8-8B4A-11D0-8D11-00A0C91BC942}") = "CERV_mqc", "CERV_mqc\CERV_mqc.vcxproj", "{79FAC300-CD54-4A29-9271-4F7FA8A059C7}"
EndProject
Project("{8BC9CEB8-8B4A-11D0-8D11-00A0C91BC942}") = "wasp-encoder", "wasp-encoder\wasp-encoder.vcxproj", "{21766E71-9521-442F-A0F9-12510C3562F2}"
EndProject
Project("{8BC9CEB8-8B4A-11D0-8D11-00A0C91BC942}") = "wasp-decoder", "wasp-decoder\wasp-decoder.vcxproj", "{0A10270A-3968-4FC6-807A-E735AD1CEE28}"
EndProject
Global
	GlobalSection(SolutionConfigurationPlatforms) = preSolution
		Debug|Mixed Platforms = Debug|Mixed Platforms
		Debug|Win32 = Debug|Win32
		Debug|x64 = Debug|x64
		Release|Mixed Platforms = Release|Mixed Platforms
		Release|Win32 = Release|Win32
		Release|x64 = Release|x64
	EndGlobalSection
	GlobalSection(ProjectConfigurationPlatforms) = postSolution
		{E82731B1-7CFA-46E7-AFAA-04AD1E11384A}.Debug|Mixed Platforms.ActiveCfg = Debug|Win32
		{E82731B1-7CFA-46E7-AFAA-04AD1E11384A}.Debug|Mixed Platforms.Build.0 = Debug|Win32
		{E82731B1-7CFA-46E7-AFAA-04AD1E11384A}.Debug|Win32.ActiveCfg = Debug|Win32
		{E82731B1-7CFA-46E7-AFAA-04AD1E11384A}.Debug|Win32.Build.0 = Debug|Win32
		{E82731B1-7CFA-46E7-AFAA-04AD1E11384A}.Debug|x64.ActiveCfg = Release|x64
		{E82731B1-7CFA-46E7-AFAA-04AD1E11384A}.Release|Mixed Platforms.ActiveCfg = Release|Win32
		{E82731B1-7CFA-46E7-AFAA-04AD1E11384A}.Release|Mixed Platforms.Build.0 = Release|Win32
		{E82731B1-7CFA-46E7-AFAA-04AD1E11384A}.Release|Win32.ActiveCfg = Release|Win32
		{E82731B1-7CFA-46E7-AFAA-04AD1E11384A}.Release|Win32.Build.0 = Release|Win32
		{E82731B1-7CFA-46E7-AFAA-04AD1E11384A}.Release|x64.ActiveCfg = Release|x64
		{1130F4DD-0758-49A4-A9DD-7F5ED5F4753C}.Debug|Mixed Platforms.ActiveCfg = Debug|Win32
		{1130F4DD-0758-49A4-A9DD-7F5ED5F4753C}.Debug|Mixed Platforms.Build.0 = Debug|Win32
		{1130F4DD-0758-49A4-A9DD-7F5ED5F4753C}.Debug|Win32.ActiveCfg = Debug|Win32
		{1130F4DD-0758-49A4-A9DD-7F5ED5F4753C}.Debug|Win32.Build.0 = Debug|Win32
		{1130F4DD-0758-49A4-A9DD-7F5ED5F4753C}.Debug|x64.ActiveCfg = Release|x64
		{1130F4DD-0758-49A4-A9DD-7F5ED5F4753C}.Release|Mixed Platforms.ActiveCfg = Release|Win32
		{1130F4DD-0758-49A4-A9DD-7F5ED5F4753C}.Release|Mixed Platforms.Build.0 = Release|Win32
		{1130F4DD-0758-49A4-A9DD-7F5ED5F4753C}.Release|Win32.ActiveCfg = Release|Win32
		{1130F4DD-0758-49A4-A9DD-7F5ED5F4753C}.Release|Win32.Build.0 = Release|Win32
		{1130F4DD-0758-49A4-A9DD-7F5ED5F4753C}.Release|x64.ActiveCfg = Release|x64
		{1130F4DD-0758-49A4-A9DD-7F5ED5F4753C}.Release|x64.Build.0 = Release|x64
		{6307D429-AD18-4565-85BB-DCAF20F1670A}.Debug|Mixed Platforms.ActiveCfg = Debug|Win32
		{6307D429-AD18-4565-85BB-DCAF20F1670A}.Debug|Mixed Platforms.Build.0 = Debug|Win32
		{6307D429-AD18-4565-85BB-DCAF20F1670A}.Debug|Win32.ActiveCfg = Debug|Win32
		{6307D429-AD18-4565-85BB-DCAF20F1670A}.Debug|Win32.Build.0 = Debug|Win32
		{6307D429-AD18-4565-85BB-DCAF20F1670A}.Debug|x64.ActiveCfg = Release|x64
		{6307D429-AD18-4565-85BB-DCAF20F1670A}.Release|Mixed Platforms.ActiveCfg = Release|Win32
		{6307D429-AD18-4565-85BB-DCAF20F1670A}.Release|Mixed Platforms.Build.0 = Release|Win32
		{6307D429-AD18-4565-85BB-DCAF20F1670A}.Release|Win32.ActiveCfg = Release|Win32
		{6307D429-AD18-4565-85BB-DCAF20F1670A}.Release|Win32.Build.0 = Release|Win32
		{6307D429-AD18-4565-85BB-DCAF20F1670A}.Release|x64.ActiveCfg = Release|x64
		{6307D429-AD18-4565-85BB-DCAF20F1670A}.Release|x64.Build.0 = Release|x64
		{4EF4A46B-3F2C-4111-8A3A-2A680EB0B85A}.Debug|Mixed Platforms.ActiveCfg = Debug|Win32
		{4EF4A46B-3F2C-4111-8A3A-2A680EB0B85A}.Debug|Mixed Platforms.Build.0 = Debug|Win32
		{4EF4A46B-3F2C-4111-8A3A-2A680EB0B85A}.Debug|Win32.ActiveCfg = Debug|Win32
		{4EF4A46B-3F2C-4111-8A3A-2A680EB0B85A}.Debug|Win32.Build.0 = Debug|Win32
		{4EF4A46B-3F2C-4111-8A3A-2A680EB0B85A}.Debug|x64.ActiveCfg = Release|x64
		{4EF4A46B-3F2C-4111-8A3A-2A680EB0B85A}.Release|Mixed Platforms.ActiveCfg = Release|Win32
		{4EF4A46B-3F2C-4111-8A3A-2A680EB0B85A}.Release|Mixed Platforms.Build.0 = Release|Win32
		{4EF4A46B-3F2C-4111-8A3A-2A680EB0B85A}.Release|Win32.ActiveCfg = Release|Win32
		{4EF4A46B-3F2C-4111-8A3A-2A680EB0B85A}.Release|Win32.Build.0 = Release|Win32
		{4EF4A46B-3F2C-4111-8A3A-2A680EB0B85A}.Release|x64.ActiveCfg = Release|x64
		{4EF4A46B-3F2C-4111-8A3A-2A680EB0B85A}.Release|x64.Build.0 = Release|x64
		{47E37C78-2840-443C-BF96-E26DCA9C8650}.Debug|Mixed Platforms.ActiveCfg = Debug|Win32
		{47E37C78-2840-443C-BF96-E26DCA9C8650}.Debug|Mixed Platforms.Build.0 = Debug|Win32
		{47E37C78-2840-443C-BF96-E26DCA9C8650}.Debug|Win32.ActiveCfg = Debug|Win32
		{47E37C78-2840-443C-BF96-E26DCA9C8650}.Debug|Win32.Build.0 = Debug|Win32
		{47E37C78-2840-443C-BF96-E26DCA9C8650}.Debug|x64.ActiveCfg = Release|x64
		{47E37C78-2840-443C-BF96-E26DCA9C8650}.Release|Mixed Platforms.ActiveCfg = Release|Win32
		{47E37C78-2840-443C-BF96-E26DCA9C8650}.Release|Mixed Platforms.Build.0 = Release|Win32
		{47E37C78-2840-443C-BF96-E26DCA9C8650}.Release|Win32.ActiveCfg = Release|Win32
		{47E37C78-2840-443C-BF96-E26DCA9C8650}.Release|Win32.Build.0 = Release|Win32
		{47E37C78-2840-443C-BF96-E26DCA9C8650}.Release|x64.ActiveCfg = Release|x64
		{47E37C78-2840-443C-BF96-E26DCA9C8650}.Release|x64.Build.0 = Release|x64
		{7F083B41-0334-4F6B-AD60-B024FB82D0FD}.Debug|Mixed Platforms.ActiveCfg = Debug|Win32
		{7F083B41-0334-4F6B-AD60-B024FB82D0FD}.Debug|Mixed Platforms.Build.0 = Debug|Win32
		{7F083B41-0334-4F6B-AD60-B024FB82D0FD}.Debug|Win32.ActiveCfg = Debug|Win32
		{7F083B41-0334-4F6B-AD60-B024FB82D0FD}.Debug|Win32.Build.0 = Debug|Win32
		{7F083B41-0334-4F6B-AD60-B024FB82D0FD}.Debug|x64.ActiveCfg = Debug|x64
		{7F083B41-0334-4F6B-AD60-B024FB82D0FD}.Release|Mixed Platforms.ActiveCfg = Release|Win32
		{7F083B41-0334-4F6B-AD60-B024FB82D0FD}.Release|Mixed Platforms.Build.0 = Release|Win32
		{7F083B41-0334-4F6B-AD60-B024FB82D0FD}.Release|Win32.ActiveCfg = Release|Win32
		{7F083B41-0334-4F6B-AD60-B024FB82D0FD}.Release|Win32.Build.0 = Release|Win32
		{7F083B41-0334-4F6B-AD60-B024FB82D0FD}.Release|x64.ActiveCfg = Release|x64
		{7F083B41-0334-4F6B-AD60-B024FB82D0FD}.Release|x64.Build.0 = Release|x64
		{797D9B59-EE97-4A48-AC3D-8A8B9BB3011B}.Debug|Mixed Platforms.ActiveCfg = Debug|Win32
		{797D9B59-EE97-4A48-AC3D-8A8B9BB3011B}.Debug|Mixed Platforms.Build.0 = Debug|Win32
		{797D9B59-EE97-4A48-AC3D-8A8B9BB3011B}.Debug|Win32.ActiveCfg = Debug|Win32
		{797D9B59-EE97-4A48-AC3D-8A8B9BB3011B}.Debug|Win32.Build.0 = Debug|Win32
		{797D9B59-EE97-4A48-AC3D-8A8B9BB3011B}.Debug|x64.ActiveCfg = Debug|x64
		{797D9B59-EE97-4A48-AC3D-8A8B9BB3011B}.Release|Mixed Platforms.ActiveCfg = Release|Win32
		{797D9B59-EE97-4A48-AC3D-8A8B9BB3011B}.Release|Mixed Platforms.Build.0 = Release|Win32
		{797D9B59-EE97-4A48-AC3D-8A8B9BB3011B}.Release|Win32.ActiveCfg = Release|Win32
		{797D9B59-EE97-4A48-AC3D-8A8B9BB3011B}.Release|Win32.Build.0 = Release|Win32
		{797D9B59-EE97-4A48-AC3D-8A8B9BB3011B}.Release|x64.ActiveCfg = Release|x64
		{797D9B59-EE97-4A48-AC3D-8A8B9BB3011B}.Release|x64.Build.0 = Release|x64
		{19DA0718-1FA6-4BBA-98CE-0B698B827EDE}.Debug|Mixed Platforms.ActiveCfg = Debug|Win32
		{19DA0718-1FA6-4BBA-98CE-0B698B827EDE}.Debug|Mixed Platforms.Build.0 = Debug|Win32
		{19DA0718-1FA6-4BBA-98CE-0B698B827EDE}.Debug|Win32.ActiveCfg = Debug|Win32
		{19DA0718-1FA6-4BBA-98CE-0B698B827EDE}.Debug|Win32.Build.0 = Debug|Win32
		{19DA0718-1FA6-4BBA-98CE-0B698B827EDE}.Debug|x64.ActiveCfg = Debug|x64
		{19DA0718-1FA6-4BBA-98CE-0B698B827EDE}.Debug|x64.Build.0 = Debug|x64
		{19DA0718-1FA6-4BBA-98CE-0B698B827EDE}.Release|Mixed Platforms.ActiveCfg = Release|Win32
		{19DA0718-1FA6-4BBA-98CE-0B698B827EDE}.Release|Mixed Platforms.Build.0 = Release|Win32
		{19DA0718-1FA6-4BBA-98CE-0B698B827EDE}.Release|Win32.ActiveCfg = Release|Win32
		{19DA0718-1FA6-4BBA-98CE-0B698B827EDE}.Release|Win32.Build.0 = Release|Win32
		{19DA0718-1FA6-4BBA-98CE-0B698B827EDE}.Release|x64.ActiveCfg = Release|x64
		{19DA0718-1FA6-4BBA-98CE-0B698B827EDE}.Release|x64.Build.0 = Release|x64
		{7522A9F6-D414-4F82-963E-DC912FE54DBF}.Debug|Mixed Platforms.ActiveCfg = Debug|Win32
		{7522A9F6-D414-4F82-963E-DC912FE54DBF}.Debug|Mixed Platforms.Build.0 = Debug|Win32
		{7522A9F6-D414-4F82-963E-DC912FE54DBF}.Debug|Win32.ActiveCfg = Debug|Win32
		{7522A9F6-D414-4F82-963E-DC912FE54DBF}.Debug|Win32.Build.0 = Debug|Win32
		{7522A9F6-D414-4F82-963E-DC912FE54DBF}.Debug|x64.ActiveCfg = Debug|x64
		{7522A9F6-D414-4F82-963E-DC912FE54DBF}.Debug|x64.Build.0 = Debug|x64
		{7522A9F6-D414-4F82-963E-DC912FE54DBF}.Release|Mixed Platforms.ActiveCfg = Release|Win32
		{7522A9F6-D414-4F82-963E-DC912FE54DBF}.Release|Mixed Platforms.Build.0 = Release|Win32
		{7522A9F6-D414-4F82-963E-DC912FE54DBF}.Release|Win32.ActiveCfg = Release|Win32
		{7522A9F6-D414-4F82-963E-DC912FE54DBF}.Release|Win32.Build.0 = Release|Win32
		{7522A9F6-D414-4F82-963E-DC912FE54DBF}.Release|x64.ActiveCfg = Release|x64
		{7522A9F6-D414-4F82-963E-DC912FE54DBF}.Release|x64.Build.0 = Release|x64
		{C585BA82-B0EF-4B71-8302-A9A6D2CB4EFB}.Debug|Mixed Platforms.ActiveCfg = Debug|Win32
		{C585BA82-B0EF-4B71-8302-A9A6D2CB4EFB}.Debug|Mixed Platforms.Build.0 = Debug|Win32
		{C585BA82-B0EF-4B71-8302-A9A6D2CB4EFB}.Debug|Win32.ActiveCfg = Debug|Win32
		{C585BA82-B0EF-4B71-8302-A9A6D2CB4EFB}.Debug|Win32.Build.0 = Debug|Win32
		{C585BA82-B0EF-4B71-8302-A9A6D2CB4EFB}.Debug|x64.ActiveCfg = Debug|x64
		{C585BA82-B0EF-4B71-8302-A9A6D2CB4EFB}.Debug|x64.Build.0 = Debug|x64
		{C585BA82-B0EF-4B71-8302-A9A6D2CB4EFB}.Release|Mixed Platforms.ActiveCfg = Release|Win32
		{C585BA82-B0EF-4B71-8302-A9A6D2CB4EFB}.Release|Mixed Platforms.Build.0 = Release|Win32
		{C585BA82-B0EF-4B71-8302-A9A6D2CB4EFB}.Release|Win32.ActiveCfg = Release|Win32
		{C585BA82-B0EF-4B71-8302-A9A6D2CB4EFB}.Release|Win32.Build.0 = Release|Win32
		{C585BA82-B0EF-4B71-8302-A9A6D2CB4EFB}.Release|x64.ActiveCfg = Release|x64
		{79FAC300-CD54-4A29-9271-4F7FA8A059C7}.Debug|Mixed Platforms.ActiveCfg = Debug|Win32
		{79FAC300-CD54-4A29-9271-4F7FA8A059C7}.Debug|Mixed Platforms.Build.0 = Debug|Win32
		{79FAC300-CD54-4A29-9271-4F7FA8A059C7}.Debug|Win32.ActiveCfg = Debug|Win32
		{79FAC300-CD54-4A29-9271-4F7FA8A059C7}.Debug|Win32.Build.0 = Debug|Win32
		{79FAC300-CD54-4A29-9271-4F7FA8A059C7}.Debug|x64.ActiveCfg = Debug|x64
		{79FAC300-CD54-4A29-9271-4F7FA8A059C7}.Debug|x64.Build.0 = Debug|x64
		{79FAC300-CD54-4A29-9271-4F7FA8A059C7}.Release|Mixed Platforms.ActiveCfg = Release|Win32
		{79FAC300-CD54-4A29-9271-4F7FA8A059C7}.Release|Mixed Platforms.Build.0 = Release|Win32
		{79FAC300-CD54-4A29-9271-4F7FA8A059C7}.Release|Win32.ActiveCfg = Release|Win32
		{79FAC300-CD54-4A29-9271-4F7FA8A059C7}.Release|Win32.Build.0 = Release|Win32
		{79FAC300-CD54-4A29-9271-4F7FA8A059C7}.Release|x64.ActiveCfg = Release|x64
		{79FAC300-CD54-4A29-9271-4F7FA8A059C7}.Release|x64.Build.0 = Release|x64
		{21766E71-9521-442F-A0F9-12510C3562F2}.Debug|Mixed Platforms.ActiveCfg = Debug|Win32
		{21766E71-9521-442F-A0F9-12510C3562F2}.Debug|Mixed Platforms.Build.0 = Debug|Win32
		{21766E71-9521-442F-A0F9-12510C3562F2}.Debug|Win32.ActiveCfg = Debug|Win32
		{21766E71-9521-442F-A0F9-12510C3562F2}.Debug|Win32.Build.0 = Debug|Win32
		{21766E71-9521-442F-A0F9-12510C3562F2}.Debug|x64.ActiveCfg = Debug|x64
		{21766E71-9521-442F-A0F9-12510C3562F2}.Debug|x64.Build.0 = Debug|x64
		{21766E71-9521-442F-A0F9-12510C3562F2}.Release|Mixed Platforms.ActiveCfg = Release|Win32
		{21766E71-9521-442F-A0F9-12510C3562F2}.Release|Mixed Platforms.Build.0 = Release|Win32
		{21766E71-9521-442F-A0F9-12510C3562F2}.Release|Win32.ActiveCfg = Release|Win32
		{21766E71-9521-442F-A0F9-12510C3562F2}.Release|Win32.Build.0 = Release|Win32
		{21766E71-9521-442F-A0F9-12510C3562F2}.Release|x64.ActiveCfg = Release|x64
		{21766E71-9521-442F-A0F9-12510C3562F2}.Release|x64.Build.0 = Release|x64
		{0A10270A-3968-4FC6-807A-E735AD1CEE28}.Debug|Mixed Platforms.ActiveCfg = Debug|Win32
		{0A10270A-3968-4FC6-807A-E735AD1CEE28}.Debug|Mixed Platforms.Build.0 = Debug|Win32
		{0A10270A-3968-4FC6-807A-E735AD1CEE28}.Debug|Win32.ActiveCfg = Debug|Win32
		{0A10270A-3968-4FC6-807A-E735AD1CEE28}.Debug|Win32.Build.0 = Debug|Win32
		{0A10270A-3968-4FC6-807A-E735AD1CEE28}.Debug|x64.ActiveCfg = Debug|x64
		{0A10270A-3968-4FC6-807A-E735AD1CEE28}.Debug|x64.Build.0 = Debug|x64
		{0A10270A-3968-4FC6-807A-E735AD1CEE28}.Release|Mixed Platforms.ActiveCfg = Release|Win32
		{0A10270A-3968-4FC6-807A-E735AD1CEE28}.Release|Mixed Platforms.Build.0 = Release|Win32
		{0A10270A-3968-4FC6-807A-E735AD1CEE28}.Release|Win32.ActiveCfg = Release|Win32
		{0A10270A-3968-4FC6-807A-E735AD1CEE28}.Release|Win32.Build.0 = Release|Win32
		{0A10270A-3968-4FC6-807A-E735AD1CEE28}.Release|x64.ActiveCfg = Release|x64
		{0A10270A-3968-4FC6-807A-E735AD1CEE28}.Release|x64.Build.0 = Release|x64
	EndGlobalSection
	GlobalSection(SolutionProperties) = preSolution
		HideSolutionNode = FALSE
	EndGlobalSection
	GlobalSection(ExtensibilityGlobals) = postSolution
		SolutionGuid = {B478E037-2917-44DB-ACC9-2CC6611846B1}
	EndGlobalSection
EndGlobal
